# THIS IS AN AUTOGENERATED FILE. DO NOT EDIT THIS FILE DIRECTLY.
# yarn lockfile v1


axios@^0.19.2:
  version "0.19.2"
  resolved "https://registry.yarnpkg.com/axios/-/axios-0.19.2.tgz#3ea36c5d8818d0d5f8a8a97a6d36b86cdc00cb27"
  integrity sha512-fjgm5MvRHLhx+osE2xoekY70AhARk3a6hkN+3Io1jc00jtquGvxYlKlsFUhmUET0V5te6CcZI7lcv2Ym61mjHA==
  dependencies:
    follow-redirects "1.5.10"

base64-js@0.0.2:
  version "0.0.2"
  resolved "https://registry.yarnpkg.com/base64-js/-/base64-js-0.0.2.tgz#024f0f72afa25b75f9c0ee73cd4f55ec1bed9784"
  integrity sha1-Ak8Pcq+iW3X5wO5zzU9V7Bvtl4Q=

bops@~0.1.1:
  version "0.1.1"
  resolved "https://registry.yarnpkg.com/bops/-/bops-0.1.1.tgz#062e02a8daa801fa10f2e5dbe6740cff801fe17e"
  integrity sha1-Bi4CqNqoAfoQ8uXb5nQM/4Af4X4=
  dependencies:
    base64-js "0.0.2"
    to-utf8 "0.0.1"

debug@=3.1.0:
  version "3.1.0"
  resolved "https://registry.yarnpkg.com/debug/-/debug-3.1.0.tgz#5bb5a0672628b64149566ba16819e61518c67261"
  integrity sha512-OX8XqP7/1a9cqkxYw2yXss15f26NKWBpDXQd0/uK/KPqdQhxbPa994hnzjcE2VqQpDslf55723cKPUOGSmMY3g==
  dependencies:
    ms "2.0.0"

follow-redirects@1.5.10:
  version "1.5.10"
  resolved "https://registry.yarnpkg.com/follow-redirects/-/follow-redirects-1.5.10.tgz#7b7a9f9aea2fdff36786a94ff643ed07f4ff5e2a"
  integrity sha512-0V5l4Cizzvqt5D44aTXbFZz+FtyXV1vrDN6qrelxtfYQKW0KO0W2T/hkE8xvGa/540LkZlkaUjO4ailYTFtHVQ==
  dependencies:
    debug "=3.1.0"

jszip@2.5.0:
  version "2.5.0"
  resolved "https://registry.yarnpkg.com/jszip/-/jszip-2.5.0.tgz#7444fd8551ddf3e5da7198fea0c91bc8308cc274"
  integrity sha1-dET9hVHd8+XacZj+oMkbyDCMwnQ=
  dependencies:
    pako "~0.2.5"

mime-db@1.44.0:
  version "1.44.0"
  resolved "https://registry.yarnpkg.com/mime-db/-/mime-db-1.44.0.tgz#fa11c5eb0aca1334b4233cb4d52f10c5a6272f92"
  integrity sha512-/NOTfLrsPBVeH7YtFPgsVWveuL+4SjjYxaQ1xtM1KMFj7HdxlBlxeyNLzhyJVx7r4rZGJAZ/6lkKCitSc/Nmpg==

mime-types@^2.1.11:
  version "2.1.27"
  resolved "https://registry.yarnpkg.com/mime-types/-/mime-types-2.1.27.tgz#47949f98e279ea53119f5722e0f34e529bec009f"
  integrity sha512-JIhqnCasI9yD+SsmkquHBxTSEuZdQX5BuQnS2Vc7puQQQ+8yiP5AY5uWhpdv4YL4VM5c6iliiYWPgJ/nJQLp7w==
  dependencies:
    mime-db "1.44.0"

ms@2.0.0:
  version "2.0.0"
  resolved "https://registry.yarnpkg.com/ms/-/ms-2.0.0.tgz#5608aeadfc00be6c2901df5f9861788de0d597c8"
  integrity sha1-VgiurfwAvmwpAd9fmGF4jeDVl8g=

node-zip@^1.1.1:
  version "1.1.1"
  resolved "https://registry.yarnpkg.com/node-zip/-/node-zip-1.1.1.tgz#94d1ad674a3cd46a1588dd736f4a9a78c757eb62"
  integrity sha1-lNGtZ0o81GoViN1zb0qaeMdX62I=
  dependencies:
    jszip "2.5.0"

pako@~0.2.5:
  version "0.2.9"
  resolved "https://registry.yarnpkg.com/pako/-/pako-0.2.9.tgz#f3f7522f4ef782348da8161bad9ecfd51bf83a75"
  integrity sha1-8/dSL073gjSNqBYbrZ7P1Rv4OnU=

to-utf8@0.0.1:
  version "0.0.1"
  resolved "https://registry.yarnpkg.com/to-utf8/-/to-utf8-0.0.1.tgz#d17aea72ff2fba39b9e43601be7b3ff72e089852"
  integrity sha1-0Xrqcv8vujm55DYBvns/9y4ImFI=

zip@^1.2.0:
  version "1.2.0"
  resolved "https://registry.yarnpkg.com/zip/-/zip-1.2.0.tgz#ad0ad42265309be42eb56fc86194e17c24e66a9c"
  integrity sha1-rQrUImUwm+QutW/IYZThfCTmapw=
  dependencies:
    bops "~0.1.1"
